PODS:
  - AmazonChimeSDK-No-Bitcode (0.23.0):
    - AmazonChimeSDKMedia-No-Bitcode (= 0.18.0)
  - AmazonChimeSDKMachineLearning-No-Bitcode (0.2.0)
  - AmazonChimeSDKMedia-No-Bitcode (0.18.0)

DEPENDENCIES:
  - AmazonChimeSDK-No-Bitcode (= 0.23.0)
  - AmazonChimeSDKMachineLearning-No-Bitcode (= 0.2.0)

SPEC REPOS:
  trunk:
    - AmazonChimeSDK-No-Bitcode
    - AmazonChimeSDKMachineLearning-No-Bitcode
    - AmazonChimeSDKMedia-No-Bitcode

SPEC CHECKSUMS:
  AmazonChimeSDK-No-Bitcode: d964670d39e3f3ebec365fe08caa647e97538603
  AmazonChimeSDKMachineLearning-No-Bitcode: 8ac40322fa3076a3e107fdf003bdccc0096867b3
  AmazonChimeSDKMedia-No-Bitcode: 077e942ad7a5733533ab903d55168c2153e10c90

PODFILE CHECKSUM: ab87e38f66e3be84d97e45aa9e6e5774c6593a48

COCOAPODS: 1.11.3
