PODS:
  - AmazonChimeSDK-Bitcode (0.19.1):
    - AmazonChimeSDKMedia-Bitcode (~> 0.15.1)
  - AmazonChimeSDKMedia-Bitcode (0.15.1)

DEPENDENCIES:
  - AmazonChimeSDK-Bitcode (= 0.19.1)

SPEC REPOS:
  trunk:
    - AmazonChimeSDK-Bitcode
    - AmazonChimeSDKMedia-Bitcode

SPEC CHECKSUMS:
  AmazonChimeSDK-Bitcode: 05bfbf98bc01a092279aeec0d381655d7f21b05a
  AmazonChimeSDKMedia-Bitcode: 606c84864f239f08d5aa8139309d7711138e08d3

PODFILE CHECKSUM: 223d4b931844ee8bc049daedf557221229ab6be9

COCOAPODS: 1.11.2
