{
  "originHash": "04b012a1c9ddc81cb48902979d9687cb73f8c1af201686e5ed264d68835ca01e",
  "pins": [
    {
      "identity": "stencil",
      "kind": "remoteSourceControl",
      "location": "https://github.com/kylef/Stencil",
      "state": {
        "revision": "4f222ac85d673f35df29962fc4c36ccfdaf9da5b",
        "version": "0.15.1"
      }
    },
    {
      "identity": "swift-argument-parser",
      "kind": "remoteSourceControl",
      "location": "https://github.com/apple/swift-argument-parser",
      "state": {
        "revision": "c5d11a805e765f52ba34ec7284bd4fcd6ba68615",
        "version": "1.7.0"
      }
    },
    {
      "identity": "swift-syntax",
      "kind": "remoteSourceControl",
      "location": "https://github.com/swiftlang/swift-syntax",
      "state": {
        "revision": "4799286537280063c85a32f09884cfbca301b1a1",
        "version": "602.0.0"
      }
    },
    {
      "identity": "tomlkit",
      "kind": "remoteSourceControl",
      "location": "https://github.com/LebJe/TOMLKit",
      "state": {
        "revision": "ec6198d37d495efc6acd4dffbd262cdca7ff9b3f",
        "version": "0.6.0"
      }
    }
  ],
  "version": 3
}
